
Microsoft Visual Studio Solution File, Format Version 12.00
Project("{FAE04EC0-301F-11D3-BF4B-00C04F79EFBC}") = "AdventOfCode2024", "AdventOfCode2024\AdventOfCode2024.csproj", "{AB24C5F4-653B-4FF7-BF19-6439B7570E17}"
EndProject
Global
	GlobalSection(SolutionConfigurationPlatforms) = preSolution
		Debug|Any CPU = Debug|Any CPU
		Release|Any CPU = Release|Any CPU
	EndGlobalSection
	GlobalSection(ProjectConfigurationPlatforms) = postSolution
		{AB24C5F4-653B-4FF7-BF19-6439B7570E17}.Debug|Any CPU.ActiveCfg = Debug|Any CPU
		{AB24C5F4-653B-4FF7-BF19-6439B7570E17}.Debug|Any CPU.Build.0 = Debug|Any CPU
		{AB24C5F4-653B-4FF7-BF19-6439B7570E17}.Release|Any CPU.ActiveCfg = Release|Any CPU
		{AB24C5F4-653B-4FF7-BF19-6439B7570E17}.Release|Any CPU.Build.0 = Release|Any CPU
	EndGlobalSection
EndGlobal
